// !$*UTF8*$!
{
	archiveVersion = 1;
	classes = {
	};
	objectVersion = 56;
	objects = {

/* Begin PBXBuildFile section */
		B61676292B3D345300DD84D5 /* TOdayDoApp.swift in Sources */ = {isa = PBXBuildFile; fileRef = B61676282B3D345300DD84D5 /* TOdayDoApp.swift */; };
		B616762B2B3D345300DD84D5 /* ContentView.swift in Sources */ = {isa = PBXBuildFile; fileRef = B616762A2B3D345300DD84D5 /* ContentView.swift */; };
		B616762D2B3D345400DD84D5 /* Assets.xcassets in Resources */ = {isa = PBXBuildFile; fileRef = B616762C2B3D345400DD84D5 /* Assets.xcassets */; };
		B61676302B3D345400DD84D5 /* Preview Assets.xcassets in Resources */ = {isa = PBXBuildFile; fileRef = B616762F2B3D345400DD84D5 /* Preview Assets.xcassets */; };
		B616763A2B3D345400DD84D5 /* TOdayDoTests.swift in Sources */ = {isa = PBXBuildFile; fileRef = B61676392B3D345400DD84D5 /* TOdayDoTests.swift */; };
		B61676442B3D345400DD84D5 /* TOdayDoUITests.swift in Sources */ = {isa = PBXBuildFile; fileRef = B61676432B3D345400DD84D5 /* TOdayDoUITests.swift */; };
		B61676462B3D345400DD84D5 /* TOdayDoUITestsLaunchTests.swift in Sources */ = {isa = PBXBuildFile; fileRef = B61676452B3D345400DD84D5 /* TOdayDoUITestsLaunchTests.swift */; };
		B61676532B3D35B800DD84D5 /* ListView.swift in Sources */ = {isa = PBXBuildFile; fileRef = B61676522B3D35B800DD84D5 /* ListView.swift */; };
		B6C8C64E2B3E9B6000C98FCF /* ListModel.swift in Sources */ = {isa = PBXBuildFile; fileRef = B6C8C64D2B3E9B6000C98FCF /* ListModel.swift */; };
		B6D982E42B417DDB003EB2CD /* CustomNavigaitonBackButton.swift in Sources */ = {isa = PBXBuildFile; fileRef = B6D982E32B417DDB003EB2CD /* CustomNavigaitonBackButton.swift */; };
		B6EABDED2B42789E00B3B19A /* CustomTextField.swift in Sources */ = {isa = PBXBuildFile; fileRef = B6EABDEC2B42789E00B3B19A /* CustomTextField.swift */; };
		B6FE06CC2B406236007C2C27 /* AddListView.swift in Sources */ = {isa = PBXBuildFile; fileRef = B6FE06CB2B406236007C2C27 /* AddListView.swift */; };
/* End PBXBuildFile section */

/* Begin PBXContainerItemProxy section */
		B61676362B3D345400DD84D5 /* PBXContainerItemProxy */ = {
			isa = PBXContainerItemProxy;
			containerPortal = B616761D2B3D345300DD84D5 /* Project object */;
			proxyType = 1;
			remoteGlobalIDString = B61676242B3D345300DD84D5;
			remoteInfo = TOdayDo;
		};
		B61676402B3D345400DD84D5 /* PBXContainerItemProxy */ = {
			isa = PBXContainerItemProxy;
			containerPortal = B616761D2B3D345300DD84D5 /* Project object */;
			proxyType = 1;
			remoteGlobalIDString = B61676242B3D345300DD84D5;
			remoteInfo = TOdayDo;
		};
/* End PBXContainerItemProxy section */

/* Begin PBXFileReference section */
		B61676252B3D345300DD84D5 /* TOdayDo.app */ = {isa = PBXFileReference; explicitFileType = wrapper.application; includeInIndex = 0; path = TOdayDo.app; sourceTree = BUILT_PRODUCTS_DIR; };
		B61676282B3D345300DD84D5 /* TOdayDoApp.swift */ = {isa = PBXFileReference; lastKnownFileType = sourcecode.swift; path = TOdayDoApp.swift; sourceTree = "<group>"; };
		B616762A2B3D345300DD84D5 /* ContentView.swift */ = {isa = PBXFileReference; lastKnownFileType = sourcecode.swift; path = ContentView.swift; sourceTree = "<group>"; };
		B616762C2B3D345400DD84D5 /* Assets.xcassets */ = {isa = PBXFileReference; lastKnownFileType = folder.assetcatalog; path = Assets.xcassets; sourceTree = "<group>"; };
		B616762F2B3D345400DD84D5 /* Preview Assets.xcassets */ = {isa = PBXFileReference; lastKnownFileType = folder.assetcatalog; path = "Preview Assets.xcassets"; sourceTree = "<group>"; };
		B61676352B3D345400DD84D5 /* TOdayDoTests.xctest */ = {isa = PBXFileReference; explicitFileType = wrapper.cfbundle; includeInIndex = 0; path = TOdayDoTests.xctest; sourceTree = BUILT_PRODUCTS_DIR; };
		B61676392B3D345400DD84D5 /* TOdayDoTests.swift */ = {isa = PBXFileReference; lastKnownFileType = sourcecode.swift; path = TOdayDoTests.swift; sourceTree = "<group>"; };
		B616763F2B3D345400DD84D5 /* TOdayDoUITests.xctest */ = {isa = PBXFileReference; explicitFileType = wrapper.cfbundle; includeInIndex = 0; path = TOdayDoUITests.xctest; sourceTree = BUILT_PRODUCTS_DIR; };
		B61676432B3D345400DD84D5 /* TOdayDoUITests.swift */ = {isa = PBXFileReference; lastKnownFileType = sourcecode.swift; path = TOdayDoUITests.swift; sourceTree = "<group>"; };
		B61676452B3D345400DD84D5 /* TOdayDoUITestsLaunchTests.swift */ = {isa = PBXFileReference; lastKnownFileType = sourcecode.swift; path = TOdayDoUITestsLaunchTests.swift; sourceTree = "<group>"; };
		B61676522B3D35B800DD84D5 /* ListView.swift */ = {isa = PBXFileReference; lastKnownFileType = sourcecode.swift; path = ListView.swift; sourceTree = "<group>"; };
		B6C8C64D2B3E9B6000C98FCF /* ListModel.swift */ = {isa = PBXFileReference; lastKnownFileType = sourcecode.swift; path = ListModel.swift; sourceTree = "<group>"; };
		B6D982E32B417DDB003EB2CD /* CustomNavigaitonBackButton.swift */ = {isa = PBXFileReference; lastKnownFileType = sourcecode.swift; path = CustomNavigaitonBackButton.swift; sourceTree = "<group>"; };
		B6EABDEC2B42789E00B3B19A /* CustomTextField.swift */ = {isa = PBXFileReference; lastKnownFileType = sourcecode.swift; path = CustomTextField.swift; sourceTree = "<group>"; };
		B6FE06CB2B406236007C2C27 /* AddListView.swift */ = {isa = PBXFileReference; lastKnownFileType = sourcecode.swift; path = AddListView.swift; sourceTree = "<group>"; };
/* End PBXFileReference section */

/* Begin PBXFrameworksBuildPhase section */
		B61676222B3D345300DD84D5 /* Frameworks */ = {
			isa = PBXFrameworksBuildPhase;
			buildActionMask = 2147483647;
			files = (
			);
			runOnlyForDeploymentPostprocessing = 0;
		};
		B61676322B3D345400DD84D5 /* Frameworks */ = {
			isa = PBXFrameworksBuildPhase;
			buildActionMask = 2147483647;
			files = (
			);
			runOnlyForDeploymentPostprocessing = 0;
		};
		B616763C2B3D345400DD84D5 /* Frameworks */ = {
			isa = PBXFrameworksBuildPhase;
			buildActionMask = 2147483647;
			files = (
			);
			runOnlyForDeploymentPostprocessing = 0;
		};
/* End PBXFrameworksBuildPhase section */

/* Begin PBXGroup section */
		B616761C2B3D345300DD84D5 = {
			isa = PBXGroup;
			children = (
				B61676272B3D345300DD84D5 /* TOdayDo */,
				B61676382B3D345400DD84D5 /* TOdayDoTests */,
				B61676422B3D345400DD84D5 /* TOdayDoUITests */,
				B61676262B3D345300DD84D5 /* Products */,
			);
			sourceTree = "<group>";
		};
		B61676262B3D345300DD84D5 /* Products */ = {
			isa = PBXGroup;
			children = (
				B61676252B3D345300DD84D5 /* TOdayDo.app */,
				B61676352B3D345400DD84D5 /* TOdayDoTests.xctest */,
				B616763F2B3D345400DD84D5 /* TOdayDoUITests.xctest */,
			);
			name = Products;
			sourceTree = "<group>";
		};
		B61676272B3D345300DD84D5 /* TOdayDo */ = {
			isa = PBXGroup;
			children = (
				B6C8C64B2B3E9ACD00C98FCF /* Application */,
				B6C8C64A2B3E9AA700C98FCF /* Resource */,
				B6C8C6492B3E9A9D00C98FCF /* View */,
				B6C8C64C2B3E9AD500C98FCF /* Model */,
			);
			path = TOdayDo;
			sourceTree = "<group>";
		};
		B616762E2B3D345400DD84D5 /* Preview Content */ = {
			isa = PBXGroup;
			children = (
				B616762F2B3D345400DD84D5 /* Preview Assets.xcassets */,
			);
			path = "Preview Content";
			sourceTree = "<group>";
		};
		B61676382B3D345400DD84D5 /* TOdayDoTests */ = {
			isa = PBXGroup;
			children = (
				B61676392B3D345400DD84D5 /* TOdayDoTests.swift */,
			);
			path = TOdayDoTests;
			sourceTree = "<group>";
		};
		B61676422B3D345400DD84D5 /* TOdayDoUITests */ = {
			isa = PBXGroup;
			children = (
				B61676432B3D345400DD84D5 /* TOdayDoUITests.swift */,
				B61676452B3D345400DD84D5 /* TOdayDoUITestsLaunchTests.swift */,
			);
			path = TOdayDoUITests;
			sourceTree = "<group>";
		};
		B6C8C6492B3E9A9D00C98FCF /* View */ = {
			isa = PBXGroup;
			children = (
				B616762A2B3D345300DD84D5 /* ContentView.swift */,
				B61676522B3D35B800DD84D5 /* ListView.swift */,
				B6FE06CB2B406236007C2C27 /* AddListView.swift */,
				B6D982E32B417DDB003EB2CD /* CustomNavigaitonBackButton.swift */,
				B6EABDEC2B42789E00B3B19A /* CustomTextField.swift */,
			);
			path = View;
			sourceTree = "<group>";
		};
		B6C8C64A2B3E9AA700C98FCF /* Resource */ = {
			isa = PBXGroup;
			children = (
				B616762E2B3D345400DD84D5 /* Preview Content */,
				B616762C2B3D345400DD84D5 /* Assets.xcassets */,
			);
			path = Resource;
			sourceTree = "<group>";
		};
		B6C8C64B2B3E9ACD00C98FCF /* Application */ = {
			isa = PBXGroup;
			children = (
				B61676282B3D345300DD84D5 /* TOdayDoApp.swift */,
			);
			path = Application;
			sourceTree = "<group>";
		};
		B6C8C64C2B3E9AD500C98FCF /* Model */ = {
			isa = PBXGroup;
			children = (
				B6C8C64D2B3E9B6000C98FCF /* ListModel.swift */,
			);
			path = Model;
			sourceTree = "<group>";
		};
/* End PBXGroup section */

/* Begin PBXNativeTarget section */
		B61676242B3D345300DD84D5 /* TOdayDo */ = {
			isa = PBXNativeTarget;
			buildConfigurationList = B61676492B3D345400DD84D5 /* Build configuration list for PBXNativeTarget "TOdayDo" */;
			buildPhases = (
				B61676212B3D345300DD84D5 /* Sources */,
				B61676222B3D345300DD84D5 /* Frameworks */,
				B61676232B3D345300DD84D5 /* Resources */,
			);
			buildRules = (
			);
			dependencies = (
			);
			name = TOdayDo;
			productName = TOdayDo;
			productReference = B61676252B3D345300DD84D5 /* TOdayDo.app */;
			productType = "com.apple.product-type.application";
		};
		B61676342B3D345400DD84D5 /* TOdayDoTests */ = {
			isa = PBXNativeTarget;
			buildConfigurationList = B616764C2B3D345400DD84D5 /* Build configuration list for PBXNativeTarget "TOdayDoTests" */;
			buildPhases = (
				B61676312B3D345400DD84D5 /* Sources */,
				B61676322B3D345400DD84D5 /* Frameworks */,
				B61676332B3D345400DD84D5 /* Resources */,
			);
			buildRules = (
			);
			dependencies = (
				B61676372B3D345400DD84D5 /* PBXTargetDependency */,
			);
			name = TOdayDoTests;
			productName = TOdayDoTests;
			productReference = B61676352B3D345400DD84D5 /* TOdayDoTests.xctest */;
			productType = "com.apple.product-type.bundle.unit-test";
		};
		B616763E2B3D345400DD84D5 /* TOdayDoUITests */ = {
			isa = PBXNativeTarget;
			buildConfigurationList = B616764F2B3D345400DD84D5 /* Build configuration list for PBXNativeTarget "TOdayDoUITests" */;
			buildPhases = (
				B616763B2B3D345400DD84D5 /* Sources */,
				B616763C2B3D345400DD84D5 /* Frameworks */,
				B616763D2B3D345400DD84D5 /* Resources */,
			);
			buildRules = (
			);
			dependencies = (
				B61676412B3D345400DD84D5 /* PBXTargetDependency */,
			);
			name = TOdayDoUITests;
			productName = TOdayDoUITests;
			productReference = B616763F2B3D345400DD84D5 /* TOdayDoUITests.xctest */;
			productType = "com.apple.product-type.bundle.ui-testing";
		};
/* End PBXNativeTarget section */

/* Begin PBXProject section */
		B616761D2B3D345300DD84D5 /* Project object */ = {
			isa = PBXProject;
			attributes = {
				BuildIndependentTargetsInParallel = 1;
				LastSwiftUpdateCheck = 1430;
				LastUpgradeCheck = 1430;
				TargetAttributes = {
					B61676242B3D345300DD84D5 = {
						CreatedOnToolsVersion = 14.3;
					};
					B61676342B3D345400DD84D5 = {
						CreatedOnToolsVersion = 14.3;
						TestTargetID = B61676242B3D345300DD84D5;
					};
					B616763E2B3D345400DD84D5 = {
						CreatedOnToolsVersion = 14.3;
						TestTargetID = B61676242B3D345300DD84D5;
					};
				};
			};
			buildConfigurationList = B61676202B3D345300DD84D5 /* Build configuration list for PBXProject "TOdayDo" */;
			compatibilityVersion = "Xcode 14.0";
			developmentRegion = en;
			hasScannedForEncodings = 0;
			knownRegions = (
				en,
				Base,
			);
			mainGroup = B616761C2B3D345300DD84D5;
			productRefGroup = B61676262B3D345300DD84D5 /* Products */;
			projectDirPath = "";
			projectRoot = "";
			targets = (
				B61676242B3D345300DD84D5 /* TOdayDo */,
				B61676342B3D345400DD84D5 /* TOdayDoTests */,
				B616763E2B3D345400DD84D5 /* TOdayDoUITests */,
			);
		};
/* End PBXProject section */

/* Begin PBXResourcesBuildPhase section */
		B61676232B3D345300DD84D5 /* Resources */ = {
			isa = PBXResourcesBuildPhase;
			buildActionMask = 2147483647;
			files = (
				B61676302B3D345400DD84D5 /* Preview Assets.xcassets in Resources */,
				B616762D2B3D345400DD84D5 /* Assets.xcassets in Resources */,
			);
			runOnlyForDeploymentPostprocessing = 0;
		};
		B61676332B3D345400DD84D5 /* Resources */ = {
			isa = PBXResourcesBuildPhase;
			buildActionMask = 2147483647;
			files = (
			);
			runOnlyForDeploymentPostprocessing = 0;
		};
		B616763D2B3D345400DD84D5 /* Resources */ = {
			isa = PBXResourcesBuildPhase;
			buildActionMask = 2147483647;
			files = (
			);
			runOnlyForDeploymentPostprocessing = 0;
		};
/* End PBXResourcesBuildPhase section */

/* Begin PBXSourcesBuildPhase section */
		B61676212B3D345300DD84D5 /* Sources */ = {
			isa = PBXSourcesBuildPhase;
			buildActionMask = 2147483647;
			files = (
				B6EABDED2B42789E00B3B19A /* CustomTextField.swift in Sources */,
				B616762B2B3D345300DD84D5 /* ContentView.swift in Sources */,
				B61676292B3D345300DD84D5 /* TOdayDoApp.swift in Sources */,
				B61676532B3D35B800DD84D5 /* ListView.swift in Sources */,
				B6C8C64E2B3E9B6000C98FCF /* ListModel.swift in Sources */,
				B6D982E42B417DDB003EB2CD /* CustomNavigaitonBackButton.swift in Sources */,
				B6FE06CC2B406236007C2C27 /* AddListView.swift in Sources */,
			);
			runOnlyForDeploymentPostprocessing = 0;
		};
		B61676312B3D345400DD84D5 /* Sources */ = {
			isa = PBXSourcesBuildPhase;
			buildActionMask = 2147483647;
			files = (
				B616763A2B3D345400DD84D5 /* TOdayDoTests.swift in Sources */,
			);
			runOnlyForDeploymentPostprocessing = 0;
		};
		B616763B2B3D345400DD84D5 /* Sources */ = {
			isa = PBXSourcesBuildPhase;
			buildActionMask = 2147483647;
			files = (
				B61676442B3D345400DD84D5 /* TOdayDoUITests.swift in Sources */,
				B61676462B3D345400DD84D5 /* TOdayDoUITestsLaunchTests.swift in Sources */,
			);
			runOnlyForDeploymentPostprocessing = 0;
		};
/* End PBXSourcesBuildPhase section */

/* Begin PBXTargetDependency section */
		B61676372B3D345400DD84D5 /* PBXTargetDependency */ = {
			isa = PBXTargetDependency;
			target = B61676242B3D345300DD84D5 /* TOdayDo */;
			targetProxy = B61676362B3D345400DD84D5 /* PBXContainerItemProxy */;
		};
		B61676412B3D345400DD84D5 /* PBXTargetDependency */ = {
			isa = PBXTargetDependency;
			target = B61676242B3D345300DD84D5 /* TOdayDo */;
			targetProxy = B61676402B3D345400DD84D5 /* PBXContainerItemProxy */;
		};
/* End PBXTargetDependency section */

/* Begin XCBuildConfiguration section */
		B61676472B3D345400DD84D5 /* Debug */ = {
			isa = XCBuildConfiguration;
			buildSettings = {
				ALWAYS_SEARCH_USER_PATHS = NO;
				CLANG_ANALYZER_NONNULL = YES;
				CLANG_ANALYZER_NUMBER_OBJECT_CONVERSION = YES_AGGRESSIVE;
				CLANG_CXX_LANGUAGE_STANDARD = "gnu++20";
				CLANG_ENABLE_MODULES = YES;
				CLANG_ENABLE_OBJC_ARC = YES;
				CLANG_ENABLE_OBJC_WEAK = YES;
				CLANG_WARN_BLOCK_CAPTURE_AUTORELEASING = YES;
				CLANG_WARN_BOOL_CONVERSION = YES;
				CLANG_WARN_COMMA = YES;
				CLANG_WARN_CONSTANT_CONVERSION = YES;
				CLANG_WARN_DEPRECATED_OBJC_IMPLEMENTATIONS = YES;
				CLANG_WARN_DIRECT_OBJC_ISA_USAGE = YES_ERROR;
				CLANG_WARN_DOCUMENTATION_COMMENTS = YES;
				CLANG_WARN_EMPTY_BODY = YES;
				CLANG_WARN_ENUM_CONVERSION = YES;
				CLANG_WARN_INFINITE_RECURSION = YES;
				CLANG_WARN_INT_CONVERSION = YES;
				CLANG_WARN_NON_LITERAL_NULL_CONVERSION = YES;
				CLANG_WARN_OBJC_IMPLICIT_RETAIN_SELF = YES;
				CLANG_WARN_OBJC_LITERAL_CONVERSION = YES;
				CLANG_WARN_OBJC_ROOT_CLASS = YES_ERROR;
				CLANG_WARN_QUOTED_INCLUDE_IN_FRAMEWORK_HEADER = YES;
				CLANG_WARN_RANGE_LOOP_ANALYSIS = YES;
				CLANG_WARN_STRICT_PROTOTYPES = YES;
				CLANG_WARN_SUSPICIOUS_MOVE = YES;
				CLANG_WARN_UNGUARDED_AVAILABILITY = YES_AGGRESSIVE;
				CLANG_WARN_UNREACHABLE_CODE = YES;
				CLANG_WARN__DUPLICATE_METHOD_MATCH = YES;
				COPY_PHASE_STRIP = NO;
				DEBUG_INFORMATION_FORMAT = dwarf;
				ENABLE_STRICT_OBJC_MSGSEND = YES;
				ENABLE_TESTABILITY = YES;
				GCC_C_LANGUAGE_STANDARD = gnu11;
				GCC_DYNAMIC_NO_PIC = NO;
				GCC_NO_COMMON_BLOCKS = YES;
				GCC_OPTIMIZATION_LEVEL = 0;
				GCC_PREPROCESSOR_DEFINITIONS = (
					"DEBUG=1",
					"$(inherited)",
				);
				GCC_WARN_64_TO_32_BIT_CONVERSION = YES;
				GCC_WARN_ABOUT_RETURN_TYPE = YES_ERROR;
				GCC_WARN_UNDECLARED_SELECTOR = YES;
				GCC_WARN_UNINITIALIZED_AUTOS = YES_AGGRESSIVE;
				GCC_WARN_UNUSED_FUNCTION = YES;
				GCC_WARN_UNUSED_VARIABLE = YES;
				IPHONEOS_DEPLOYMENT_TARGET = 16.4;
				MTL_ENABLE_DEBUG_INFO = INCLUDE_SOURCE;
				MTL_FAST_MATH = YES;
				ONLY_ACTIVE_ARCH = YES;
				SDKROOT = iphoneos;
				SWIFT_ACTIVE_COMPILATION_CONDITIONS = DEBUG;
				SWIFT_OPTIMIZATION_LEVEL = "-Onone";
			};
			name = Debug;
		};
		B61676482B3D345400DD84D5 /* Release */ = {
			isa = XCBuildConfiguration;
			buildSettings = {
				ALWAYS_SEARCH_USER_PATHS = NO;
				CLANG_ANALYZER_NONNULL = YES;
				CLANG_ANALYZER_NUMBER_OBJECT_CONVERSION = YES_AGGRESSIVE;
				CLANG_CXX_LANGUAGE_STANDARD = "gnu++20";
				CLANG_ENABLE_MODULES = YES;
				CLANG_ENABLE_OBJC_ARC = YES;
				CLANG_ENABLE_OBJC_WEAK = YES;
				CLANG_WARN_BLOCK_CAPTURE_AUTORELEASING = YES;
				CLANG_WARN_BOOL_CONVERSION = YES;
				CLANG_WARN_COMMA = YES;
				CLANG_WARN_CONSTANT_CONVERSION = YES;
				CLANG_WARN_DEPRECATED_OBJC_IMPLEMENTATIONS = YES;
				CLANG_WARN_DIRECT_OBJC_ISA_USAGE = YES_ERROR;
				CLANG_WARN_DOCUMENTATION_COMMENTS = YES;
				CLANG_WARN_EMPTY_BODY = YES;
				CLANG_WARN_ENUM_CONVERSION = YES;
				CLANG_WARN_INFINITE_RECURSION = YES;
				CLANG_WARN_INT_CONVERSION = YES;
				CLANG_WARN_NON_LITERAL_NULL_CONVERSION = YES;
				CLANG_WARN_OBJC_IMPLICIT_RETAIN_SELF = YES;
				CLANG_WARN_OBJC_LITERAL_CONVERSION = YES;
				CLANG_WARN_OBJC_ROOT_CLASS = YES_ERROR;
				CLANG_WARN_QUOTED_INCLUDE_IN_FRAMEWORK_HEADER = YES;
				CLANG_WARN_RANGE_LOOP_ANALYSIS = YES;
				CLANG_WARN_STRICT_PROTOTYPES = YES;
				CLANG_WARN_SUSPICIOUS_MOVE = YES;
				CLANG_WARN_UNGUARDED_AVAILABILITY = YES_AGGRESSIVE;
				CLANG_WARN_UNREACHABLE_CODE = YES;
				CLANG_WARN__DUPLICATE_METHOD_MATCH = YES;
				COPY_PHASE_STRIP = NO;
				DEBUG_INFORMATION_FORMAT = "dwarf-with-dsym";
				ENABLE_NS_ASSERTIONS = NO;
				ENABLE_STRICT_OBJC_MSGSEND = YES;
				GCC_C_LANGUAGE_STANDARD = gnu11;
				GCC_NO_COMMON_BLOCKS = YES;
				GCC_WARN_64_TO_32_BIT_CONVERSION = YES;
				GCC_WARN_ABOUT_RETURN_TYPE = YES_ERROR;
				GCC_WARN_UNDECLARED_SELECTOR = YES;
				GCC_WARN_UNINITIALIZED_AUTOS = YES_AGGRESSIVE;
				GCC_WARN_UNUSED_FUNCTION = YES;
				GCC_WARN_UNUSED_VARIABLE = YES;
				IPHONEOS_DEPLOYMENT_TARGET = 16.4;
				MTL_ENABLE_DEBUG_INFO = NO;
				MTL_FAST_MATH = YES;
				SDKROOT = iphoneos;
				SWIFT_COMPILATION_MODE = wholemodule;
				SWIFT_OPTIMIZATION_LEVEL = "-O";
				VALIDATE_PRODUCT = YES;
			};
			name = Release;
		};
		B616764A2B3D345400DD84D5 /* Debug */ = {
			isa = XCBuildConfiguration;
			buildSettings = {
				ASSETCATALOG_COMPILER_APPICON_NAME = AppIcon;
				ASSETCATALOG_COMPILER_GLOBAL_ACCENT_COLOR_NAME = AccentColor;
				CODE_SIGN_STYLE = Automatic;
				CURRENT_PROJECT_VERSION = 1;
				DEVELOPMENT_ASSET_PATHS = "\"TOdayDo/Resource/Preview Content\"";
				DEVELOPMENT_TEAM = XK2FZR7MVH;
				ENABLE_PREVIEWS = YES;
				GENERATE_INFOPLIST_FILE = YES;
				INFOPLIST_KEY_UIApplicationSceneManifest_Generation = YES;
				INFOPLIST_KEY_UIApplicationSupportsIndirectInputEvents = YES;
				INFOPLIST_KEY_UILaunchScreen_Generation = YES;
				INFOPLIST_KEY_UISupportedInterfaceOrientations_iPad = "UIInterfaceOrientationPortrait UIInterfaceOrientationPortraitUpsideDown UIInterfaceOrientationLandscapeLeft UIInterfaceOrientationLandscapeRight";
				INFOPLIST_KEY_UISupportedInterfaceOrientations_iPhone = "UIInterfaceOrientationPortrait UIInterfaceOrientationLandscapeLeft UIInterfaceOrientationLandscapeRight";
				LD_RUNPATH_SEARCH_PATHS = (
					"$(inherited)",
					"@executable_path/Frameworks",
				);
				MARKETING_VERSION = 1.0;
				PRODUCT_BUNDLE_IDENTIFIER = js.TOdayDo;
				PRODUCT_NAME = "$(TARGET_NAME)";
				SWIFT_EMIT_LOC_STRINGS = YES;
				SWIFT_VERSION = 5.0;
				TARGETED_DEVICE_FAMILY = "1,2";
			};
			name = Debug;
		};
		B616764B2B3D345400DD84D5 /* Release */ = {
			isa = XCBuildConfiguration;
			buildSettings = {
				ASSETCATALOG_COMPILER_APPICON_NAME = AppIcon;
				ASSETCATALOG_COMPILER_GLOBAL_ACCENT_COLOR_NAME = AccentColor;
				CODE_SIGN_STYLE = Automatic;
				CURRENT_PROJECT_VERSION = 1;
				DEVELOPMENT_ASSET_PATHS = "\"TOdayDo/Resource/Preview Content\"";
				DEVELOPMENT_TEAM = XK2FZR7MVH;
				ENABLE_PREVIEWS = YES;
				GENERATE_INFOPLIST_FILE = YES;
				INFOPLIST_KEY_UIApplicationSceneManifest_Generation = YES;
				INFOPLIST_KEY_UIApplicationSupportsIndirectInputEvents = YES;
				INFOPLIST_KEY_UILaunchScreen_Generation = YES;
				INFOPLIST_KEY_UISupportedInterfaceOrientations_iPad = "UIInterfaceOrientationPortrait UIInterfaceOrientationPortraitUpsideDown UIInterfaceOrientationLandscapeLeft UIInterfaceOrientationLandscapeRight";
				INFOPLIST_KEY_UISupportedInterfaceOrientations_iPhone = "UIInterfaceOrientationPortrait UIInterfaceOrientationLandscapeLeft UIInterfaceOrientationLandscapeRight";
				LD_RUNPATH_SEARCH_PATHS = (
					"$(inherited)",
					"@executable_path/Frameworks",
				);
				MARKETING_VERSION = 1.0;
				PRODUCT_BUNDLE_IDENTIFIER = js.TOdayDo;
				PRODUCT_NAME = "$(TARGET_NAME)";
				SWIFT_EMIT_LOC_STRINGS = YES;
				SWIFT_VERSION = 5.0;
				TARGETED_DEVICE_FAMILY = "1,2";
			};
			name = Release;
		};
		B616764D2B3D345400DD84D5 /* Debug */ = {
			isa = XCBuildConfiguration;
			buildSettings = {
				ALWAYS_EMBED_SWIFT_STANDARD_LIBRARIES = YES;
				BUNDLE_LOADER = "$(TEST_HOST)";
				CODE_SIGN_STYLE = Automatic;
				CURRENT_PROJECT_VERSION = 1;
				DEVELOPMENT_TEAM = XK2FZR7MVH;
				GENERATE_INFOPLIST_FILE = YES;
				IPHONEOS_DEPLOYMENT_TARGET = 16.4;
				MARKETING_VERSION = 1.0;
				PRODUCT_BUNDLE_IDENTIFIER = js.TOdayDoTests;
				PRODUCT_NAME = "$(TARGET_NAME)";
				SWIFT_EMIT_LOC_STRINGS = NO;
				SWIFT_VERSION = 5.0;
				TARGETED_DEVICE_FAMILY = "1,2";
				TEST_HOST = "$(BUILT_PRODUCTS_DIR)/TOdayDo.app/$(BUNDLE_EXECUTABLE_FOLDER_PATH)/TOdayDo";
			};
			name = Debug;
		};
		B616764E2B3D345400DD84D5 /* Release */ = {
			isa = XCBuildConfiguration;
			buildSettings = {
				ALWAYS_EMBED_SWIFT_STANDARD_LIBRARIES = YES;
				BUNDLE_LOADER = "$(TEST_HOST)";
				CODE_SIGN_STYLE = Automatic;
				CURRENT_PROJECT_VERSION = 1;
				DEVELOPMENT_TEAM = XK2FZR7MVH;
				GENERATE_INFOPLIST_FILE = YES;
				IPHONEOS_DEPLOYMENT_TARGET = 16.4;
				MARKETING_VERSION = 1.0;
				PRODUCT_BUNDLE_IDENTIFIER = js.TOdayDoTests;
				PRODUCT_NAME = "$(TARGET_NAME)";
				SWIFT_EMIT_LOC_STRINGS = NO;
				SWIFT_VERSION = 5.0;
				TARGETED_DEVICE_FAMILY = "1,2";
				TEST_HOST = "$(BUILT_PRODUCTS_DIR)/TOdayDo.app/$(BUNDLE_EXECUTABLE_FOLDER_PATH)/TOdayDo";
			};
			name = Release;
		};
		B61676502B3D345400DD84D5 /* Debug */ = {
			isa = XCBuildConfiguration;
			buildSettings = {
				ALWAYS_EMBED_SWIFT_STANDARD_LIBRARIES = YES;
				CODE_SIGN_STYLE = Automatic;
				CURRENT_PROJECT_VERSION = 1;
				DEVELOPMENT_TEAM = XK2FZR7MVH;
				GENERATE_INFOPLIST_FILE = YES;
				MARKETING_VERSION = 1.0;
				PRODUCT_BUNDLE_IDENTIFIER = js.TOdayDoUITests;
				PRODUCT_NAME = "$(TARGET_NAME)";
				SWIFT_EMIT_LOC_STRINGS = NO;
				SWIFT_VERSION = 5.0;
				TARGETED_DEVICE_FAMILY = "1,2";
				TEST_TARGET_NAME = TOdayDo;
			};
			name = Debug;
		};
		B61676512B3D345400DD84D5 /* Release */ = {
			isa = XCBuildConfiguration;
			buildSettings = {
				ALWAYS_EMBED_SWIFT_STANDARD_LIBRARIES = YES;
				CODE_SIGN_STYLE = Automatic;
				CURRENT_PROJECT_VERSION = 1;
				DEVELOPMENT_TEAM = XK2FZR7MVH;
				GENERATE_INFOPLIST_FILE = YES;
				MARKETING_VERSION = 1.0;
				PRODUCT_BUNDLE_IDENTIFIER = js.TOdayDoUITests;
				PRODUCT_NAME = "$(TARGET_NAME)";
				SWIFT_EMIT_LOC_STRINGS = NO;
				SWIFT_VERSION = 5.0;
				TARGETED_DEVICE_FAMILY = "1,2";
				TEST_TARGET_NAME = TOdayDo;
			};
			name = Release;
		};
/* End XCBuildConfiguration section */

/* Begin XCConfigurationList section */
		B61676202B3D345300DD84D5 /* Build configuration list for PBXProject "TOdayDo" */ = {
			isa = XCConfigurationList;
			buildConfigurations = (
				B61676472B3D345400DD84D5 /* Debug */,
				B61676482B3D345400DD84D5 /* Release */,
			);
			defaultConfigurationIsVisible = 0;
			defaultConfigurationName = Release;
		};
		B61676492B3D345400DD84D5 /* Build configuration list for PBXNativeTarget "TOdayDo" */ = {
			isa = XCConfigurationList;
			buildConfigurations = (
				B616764A2B3D345400DD84D5 /* Debug */,
				B616764B2B3D345400DD84D5 /* Release */,
			);
			defaultConfigurationIsVisible = 0;
			defaultConfigurationName = Release;
		};
		B616764C2B3D345400DD84D5 /* Build configuration list for PBXNativeTarget "TOdayDoTests" */ = {
			isa = XCConfigurationList;
			buildConfigurations = (
				B616764D2B3D345400DD84D5 /* Debug */,
				B616764E2B3D345400DD84D5 /* Release */,
			);
			defaultConfigurationIsVisible = 0;
			defaultConfigurationName = Release;
		};
		B616764F2B3D345400DD84D5 /* Build configuration list for PBXNativeTarget "TOdayDoUITests" */ = {
			isa = XCConfigurationList;
			buildConfigurations = (
				B61676502B3D345400DD84D5 /* Debug */,
				B61676512B3D345400DD84D5 /* Release */,
			);
			defaultConfigurationIsVisible = 0;
			defaultConfigurationName = Release;
		};
/* End XCConfigurationList section */
	};
	rootObject = B616761D2B3D345300DD84D5 /* Project object */;
}
